
Microsoft Visual Studio Solution File, Format Version 12.00
# Visual Studio 15
VisualStudioVersion = 15.0.27004.2002
MinimumVisualStudioVersion = 10.0.40219.1
Project("{FAE04EC0-301F-11D3-BF4B-00C04F79EFBC}") = "ApplicationParser.Core", "ApplicationParser\ApplicationParser.Core.csproj", "{0C359651-46F6-4536-8B3E-C7531FF0CC68}"
EndProject
Project("{2150E333-8FDC-42A3-9474-1A3956D46DE8}") = "nuget", "nuget", "{C2086ECD-680B-4BB6-B8B6-6D3DFCB2B4E7}"
	ProjectSection(SolutionItems) = preProject
		nuget\ApplicationParser.nuspec = nuget\ApplicationParser.nuspec
	EndProjectSection
EndProject
Project("{2150E333-8FDC-42A3-9474-1A3956D46DE8}") = "CodeGen", "CodeGen", "{0FECA139-B14D-4B23-961A-9133FA0F4269}"
	ProjectSection(SolutionItems) = preProject
		gen\APArtifactExtensions.cs.pp = gen\APArtifactExtensions.cs.pp
		gen\ObjectDefs.tt.pp = gen\ObjectDefs.tt.pp
		gen\ObjectTypesDefs.tt.pp = gen\ObjectTypesDefs.tt.pp
		gen\RDOWrapper.cs.pp = gen\RDOWrapper.cs.pp
	EndProjectSection
EndProject
Project("{FAE04EC0-301F-11D3-BF4B-00C04F79EFBC}") = "ApplicationParser.Tests", "ApplicationParser.Tests\ApplicationParser.Tests.csproj", "{E44BB8AB-7601-4DAF-B58A-97905C651E1F}"
EndProject
Project("{2150E333-8FDC-42A3-9474-1A3956D46DE8}") = "Solution Items", "Solution Items", "{DA7847D7-DB42-4BB4-BF53-6550636A623F}"
	ProjectSection(SolutionItems) = preProject
		appveyor.yml = appveyor.yml
	EndProjectSection
EndProject
Project("{FAE04EC0-301F-11D3-BF4B-00C04F79EFBC}") = "ApplicationParser.Generator.T4", "ApplicationParser.Generator.T4\ApplicationParser.Generator.T4.csproj", "{28E42EAC-61FC-4CB2-9A0E-D6491E9C7C31}"
EndProject
Global
	GlobalSection(SolutionConfigurationPlatforms) = preSolution
		Debug|Any CPU = Debug|Any CPU
		Release|Any CPU = Release|Any CPU
	EndGlobalSection
	GlobalSection(ProjectConfigurationPlatforms) = postSolution
		{0C359651-46F6-4536-8B3E-C7531FF0CC68}.Debug|Any CPU.ActiveCfg = Debug|Any CPU
		{0C359651-46F6-4536-8B3E-C7531FF0CC68}.Debug|Any CPU.Build.0 = Debug|Any CPU
		{0C359651-46F6-4536-8B3E-C7531FF0CC68}.Release|Any CPU.ActiveCfg = Release|Any CPU
		{0C359651-46F6-4536-8B3E-C7531FF0CC68}.Release|Any CPU.Build.0 = Release|Any CPU
		{E44BB8AB-7601-4DAF-B58A-97905C651E1F}.Debug|Any CPU.ActiveCfg = Debug|Any CPU
		{E44BB8AB-7601-4DAF-B58A-97905C651E1F}.Debug|Any CPU.Build.0 = Debug|Any CPU
		{E44BB8AB-7601-4DAF-B58A-97905C651E1F}.Release|Any CPU.ActiveCfg = Release|Any CPU
		{E44BB8AB-7601-4DAF-B58A-97905C651E1F}.Release|Any CPU.Build.0 = Release|Any CPU
		{28E42EAC-61FC-4CB2-9A0E-D6491E9C7C31}.Debug|Any CPU.ActiveCfg = Debug|Any CPU
		{28E42EAC-61FC-4CB2-9A0E-D6491E9C7C31}.Debug|Any CPU.Build.0 = Debug|Any CPU
		{28E42EAC-61FC-4CB2-9A0E-D6491E9C7C31}.Release|Any CPU.ActiveCfg = Release|Any CPU
		{28E42EAC-61FC-4CB2-9A0E-D6491E9C7C31}.Release|Any CPU.Build.0 = Release|Any CPU
	EndGlobalSection
	GlobalSection(SolutionProperties) = preSolution
		HideSolutionNode = FALSE
	EndGlobalSection
	GlobalSection(NestedProjects) = preSolution
		{0FECA139-B14D-4B23-961A-9133FA0F4269} = {C2086ECD-680B-4BB6-B8B6-6D3DFCB2B4E7}
	EndGlobalSection
	GlobalSection(ExtensibilityGlobals) = postSolution
		SolutionGuid = {5275555D-3E56-4CCF-BBAA-07E01BE991A1}
	EndGlobalSection
EndGlobal
